{
  "requires": true,
  "lockfileVersion": 1,
  "dependencies": {
    "@types/debug": {
      "version": "4.1.7",
      "resolved": "https://registry.nlark.com/@types/debug/download/@types/debug-4.1.7.tgz",
      "integrity": "sha1-fMDqdhUJEkcJuLLRCQ2PbBeq24I=",
      "requires": {
        "@types/ms": "*"
      }
    },
    "@types/hast": {
      "version": "2.3.4",
      "resolved": "https://registry.nlark.com/@types/hast/download/@types/hast-2.3.4.tgz?cache=0&sync_timestamp=1629622720670&other_urls=https%3A%2F%2Fregistry.nlark.com%2F%40types%2Fhast%2Fdownload%2F%40types%2Fhast-2.3.4.tgz",
      "integrity": "sha1-iqXvksEX0g2XSoK9+2pkiwjAuvw=",
      "requires": {
        "@types/unist": "*"
      }
    },
    "@types/mdast": {
      "version": "3.0.10",
      "resolved": "https://registry.nlark.com/@types/mdast/download/@types/mdast-3.0.10.tgz",
      "integrity": "sha1-RyQkSoKkWYiEy76bz9c9/5J+6K8=",
      "requires": {
        "@types/unist": "*"
      }
    },
    "@types/mdurl": {
      "version": "1.0.2",
      "resolved": "https://registry.nlark.com/@types/mdurl/download/@types/mdurl-1.0.2.tgz",
      "integrity": "sha1-4s6dg6YTus8oTHvn1JGUXjnh+Ok="
    },
    "@types/ms": {
      "version": "0.7.31",
      "resolved": "https://registry.nlark.com/@types/ms/download/@types/ms-0.7.31.tgz",
      "integrity": "sha1-MbfKZAcSij0rvCf+LSGzRTl/YZc="
    },
    "@types/unist": {
      "version": "2.0.6",
      "resolved": "https://registry.nlark.com/@types/unist/download/@types/unist-2.0.6.tgz",
      "integrity": "sha1-JQp7FsO5H2cqJFUuxkZ47rHToI0="
    },
    "bail": {
      "version": "2.0.1",
      "resolved": "https://registry.nlark.com/bail/download/bail-2.0.1.tgz?cache=0&sync_timestamp=1621398046321&other_urls=https%3A%2F%2Fregistry.nlark.com%2Fbail%2Fdownload%2Fbail-2.0.1.tgz",
      "integrity": "sha1-1nZzY3OjdAWKk1rsgblMErqBV3E="
    },
    "character-entities": {
      "version": "2.0.0",
      "resolved": "https://registry.nlark.com/character-entities/download/character-entities-2.0.0.tgz",
      "integrity": "sha1-UINV/MjHOJPgkJ78GkTSjaK2/fM="
    },
    "character-entities-legacy": {
      "version": "2.0.0",
      "resolved": "https://registry.npm.taobao.org/character-entities-legacy/download/character-entities-legacy-2.0.0.tgz",
      "integrity": "sha1-V/TQCXTGluj3Tp9JPn/LdbRNfuc="
    },
    "character-reference-invalid": {
      "version": "2.0.0",
      "resolved": "https://registry.npm.taobao.org/character-reference-invalid/download/character-reference-invalid-2.0.0.tgz",
      "integrity": "sha1-oL3ricBR/n7V0xWLLwavBphPKBM="
    },
    "comma-separated-tokens": {
      "version": "2.0.2",
      "resolved": "https://registry.nlark.com/comma-separated-tokens/download/comma-separated-tokens-2.0.2.tgz",
      "integrity": "sha1-1MJau2ebd1HIgL5iPBF5eA/h3Zg="
    },
    "debug": {
      "version": "4.3.2",
      "resolved": "https://registry.nlark.com/debug/download/debug-4.3.2.tgz?cache=0&sync_timestamp=1625374675284&other_urls=https%3A%2F%2Fregistry.nlark.com%2Fdebug%2Fdownload%2Fdebug-4.3.2.tgz",
      "integrity": "sha1-8KScGKyHeeMdSgxgKd+3aHPHQos=",
      "requires": {
        "ms": "2.1.2"
      }
    },
    "extend": {
      "version": "3.0.2",
      "resolved": "https://registry.nlark.com/extend/download/extend-3.0.2.tgz",
      "integrity": "sha1-+LETa0Bx+9jrFAr/hYsQGewpFfo="
    },
    "inline-style-parser": {
      "version": "0.1.1",
      "resolved": "https://registry.npm.taobao.org/inline-style-parser/download/inline-style-parser-0.1.1.tgz",
      "integrity": "sha1-7Io7QpJ06cCh8cT/qUU6f+9yzqE="
    },
    "is-alphabetical": {
      "version": "2.0.0",
      "resolved": "https://registry.npm.taobao.org/is-alphabetical/download/is-alphabetical-2.0.0.tgz?cache=0&sync_timestamp=1615453787436&other_urls=https%3A%2F%2Fregistry.npm.taobao.org%2Fis-alphabetical%2Fdownload%2Fis-alphabetical-2.0.0.tgz",
      "integrity": "sha1-724srqV8Y0UP/8ertsva/F65bpY="
    },
    "is-alphanumerical": {
      "version": "2.0.0",
      "resolved": "https://registry.nlark.com/is-alphanumerical/download/is-alphanumerical-2.0.0.tgz",
      "integrity": "sha1-D7/ranLSHZEUOz0YK/bPWQnuZvY=",
      "requires": {
        "is-alphabetical": "^2.0.0",
        "is-decimal": "^2.0.0"
      }
    },
    "is-buffer": {
      "version": "2.0.5",
      "resolved": "https://registry.nlark.com/is-buffer/download/is-buffer-2.0.5.tgz",
      "integrity": "sha1-68JS5ADSL/jXf6CYiIIaJKZYwZE="
    },
    "is-decimal": {
      "version": "2.0.0",
      "resolved": "https://registry.npm.taobao.org/is-decimal/download/is-decimal-2.0.0.tgz?cache=0&other_urls=https%3A%2F%2Fregistry.npm.taobao.org%2Fis-decimal%2Fdownload%2Fis-decimal-2.0.0.tgz",
      "integrity": "sha1-2xFAM3gJ/QQ6BWrkCpvRzcVjA0w="
    },
    "is-hexadecimal": {
      "version": "2.0.0",
      "resolved": "https://registry.npm.taobao.org/is-hexadecimal/download/is-hexadecimal-2.0.0.tgz",
      "integrity": "sha1-jh7J9I/j6r2QFhEJhWoj4JB6ZdU="
    },
    "is-plain-obj": {
      "version": "4.0.0",
      "resolved": "https://registry.nlark.com/is-plain-obj/download/is-plain-obj-4.0.0.tgz",
      "integrity": "sha1-BsCZn9dXTt9akGulZErQ/rOoTSI="
    },
    "js-tokens": {
      "version": "4.0.0",
      "resolved": "https://registry.nlark.com/js-tokens/download/js-tokens-4.0.0.tgz",
      "integrity": "sha1-GSA/tZmR35jjoocFDUZHzerzJJk="
    },
    "loose-envify": {
      "version": "1.4.0",
      "resolved": "https://registry.npm.taobao.org/loose-envify/download/loose-envify-1.4.0.tgz",
      "integrity": "sha1-ce5R+nvkyuwaY4OffmgtgTLTDK8=",
      "requires": {
        "js-tokens": "^3.0.0 || ^4.0.0"
      }
    },
    "mdast-util-definitions": {
      "version": "5.1.0",
      "resolved": "https://registry.nlark.com/mdast-util-definitions/download/mdast-util-definitions-5.1.0.tgz",
      "integrity": "sha1-ttEO8Ao8TPGR6Nml+ljX9KNm+Bc=",
      "requires": {
        "@types/mdast": "^3.0.0",
        "@types/unist": "^2.0.0",
        "unist-util-visit": "^3.0.0"
      },
      "dependencies": {
        "unist-util-visit": {
          "version": "3.1.0",
          "resolved": "https://registry.nlark.com/unist-util-visit/download/unist-util-visit-3.1.0.tgz",
          "integrity": "sha1-lCDSheGu6TjH2ay6/I4WAYbbr3s=",
          "requires": {
            "@types/unist": "^2.0.0",
            "unist-util-is": "^5.0.0",
            "unist-util-visit-parents": "^4.0.0"
          }
        }
      }
    },
    "mdast-util-from-markdown": {
      "version": "1.0.0",
      "resolved": "https://registry.nlark.com/mdast-util-from-markdown/download/mdast-util-from-markdown-1.0.0.tgz",
      "integrity": "sha1-xRcxPNmZ7CuPbUR7Q4xanVALick=",
      "requires": {
        "@types/mdast": "^3.0.0",
        "@types/unist": "^2.0.0",
        "mdast-util-to-string": "^3.0.0",
        "micromark": "^3.0.0",
        "micromark-util-decode-numeric-character-reference": "^1.0.0",
        "micromark-util-normalize-identifier": "^1.0.0",
        "micromark-util-symbol": "^1.0.0",
        "micromark-util-types": "^1.0.0",
        "parse-entities": "^3.0.0",
        "unist-util-stringify-position": "^3.0.0"
      }
    },
    "mdast-util-to-hast": {
      "version": "11.2.0",
      "resolved": "https://registry.nlark.com/mdast-util-to-hast/download/mdast-util-to-hast-11.2.0.tgz",
      "integrity": "sha1-VNdvFTm+IaZVmyqjbpe7B9KrQ6s=",
      "requires": {
        "@types/hast": "^2.0.0",
        "@types/mdast": "^3.0.0",
        "@types/mdurl": "^1.0.0",
        "mdast-util-definitions": "^5.0.0",
        "mdurl": "^1.0.0",
        "unist-builder": "^3.0.0",
        "unist-util-generated": "^2.0.0",
        "unist-util-position": "^4.0.0",
        "unist-util-visit": "^3.0.0"
      },
      "dependencies": {
        "unist-util-visit": {
          "version": "3.1.0",
          "resolved": "https://registry.nlark.com/unist-util-visit/download/unist-util-visit-3.1.0.tgz",
          "integrity": "sha1-lCDSheGu6TjH2ay6/I4WAYbbr3s=",
          "requires": {
            "@types/unist": "^2.0.0",
            "unist-util-is": "^5.0.0",
            "unist-util-visit-parents": "^4.0.0"
          }
        }
      }
    },
    "mdast-util-to-string": {
      "version": "3.1.0",
      "resolved": "https://registry.nlark.com/mdast-util-to-string/download/mdast-util-to-string-3.1.0.tgz?cache=0&sync_timestamp=1619426294961&other_urls=https%3A%2F%2Fregistry.nlark.com%2Fmdast-util-to-string%2Fdownload%2Fmdast-util-to-string-3.1.0.tgz",
      "integrity": "sha1-VsUG0GX792lRUjXld7WiYVUtVuk="
    },
    "mdurl": {
      "version": "1.0.1",
      "resolved": "https://registry.npm.taobao.org/mdurl/download/mdurl-1.0.1.tgz",
      "integrity": "sha1-/oWy7HWlkDfyrf7BAP1sYBdhFS4="
    },
    "micromark": {
      "version": "3.0.5",
      "resolved": "https://registry.nlark.com/micromark/download/micromark-3.0.5.tgz",
      "integrity": "sha1-0keSyKBvIB1WCMEG2/re80wploQ=",
      "requires": {
        "@types/debug": "^4.0.0",
        "debug": "^4.0.0",
        "micromark-core-commonmark": "^1.0.1",
        "micromark-factory-space": "^1.0.0",
        "micromark-util-character": "^1.0.0",
        "micromark-util-chunked": "^1.0.0",
        "micromark-util-combine-extensions": "^1.0.0",
        "micromark-util-decode-numeric-character-reference": "^1.0.0",
        "micromark-util-encode": "^1.0.0",
        "micromark-util-normalize-identifier": "^1.0.0",
        "micromark-util-resolve-all": "^1.0.0",
        "micromark-util-sanitize-uri": "^1.0.0",
        "micromark-util-subtokenize": "^1.0.0",
        "micromark-util-symbol": "^1.0.0",
        "micromark-util-types": "^1.0.1",
        "parse-entities": "^3.0.0"
      }
    },
    "micromark-core-commonmark": {
      "version": "1.0.1",
      "resolved": "https://registry.nlark.com/micromark-core-commonmark/download/micromark-core-commonmark-1.0.1.tgz",
      "integrity": "sha1-pkmHyv6HLouAvI8jUqXZiFhqxPE=",
      "requires": {
        "micromark-factory-destination": "^1.0.0",
        "micromark-factory-label": "^1.0.0",
        "micromark-factory-space": "^1.0.0",
        "micromark-factory-title": "^1.0.0",
        "micromark-factory-whitespace": "^1.0.0",
        "micromark-util-character": "^1.0.0",
        "micromark-util-chunked": "^1.0.0",
        "micromark-util-classify-character": "^1.0.0",
        "micromark-util-html-tag-name": "^1.0.0",
        "micromark-util-normalize-identifier": "^1.0.0",
        "micromark-util-resolve-all": "^1.0.0",
        "micromark-util-subtokenize": "^1.0.0",
        "micromark-util-symbol": "^1.0.0",
        "micromark-util-types": "^1.0.1",
        "parse-entities": "^3.0.0"
      }
    },
    "micromark-factory-destination": {
      "version": "1.0.0",
      "resolved": "https://registry.nlark.com/micromark-factory-destination/download/micromark-factory-destination-1.0.0.tgz",
      "integrity": "sha1-/vHLWa1Jl8SW+Ie2l3qjA0paJ34=",
      "requires": {
        "micromark-util-character": "^1.0.0",
        "micromark-util-symbol": "^1.0.0",
        "micromark-util-types": "^1.0.0"
      }
    },
    "micromark-factory-label": {
      "version": "1.0.0",
      "resolved": "https://registry.nlark.com/micromark-factory-label/download/micromark-factory-label-1.0.0.tgz",
      "integrity": "sha1-sxbsR5tHQjKXP/E7SbV2+EpvLLs=",
      "requires": {
        "micromark-util-character": "^1.0.0",
        "micromark-util-symbol": "^1.0.0",
        "micromark-util-types": "^1.0.0"
      }
    },
    "micromark-factory-space": {
      "version": "1.0.0",
      "resolved": "https://registry.nlark.com/micromark-factory-space/download/micromark-factory-space-1.0.0.tgz",
      "integrity": "sha1-zr/0mWjyuWFsD8sjnpZoXLlJdjM=",
      "requires": {
        "micromark-util-character": "^1.0.0",
        "micromark-util-types": "^1.0.0"
      }
    },
    "micromark-factory-title": {
      "version": "1.0.0",
      "resolved": "https://registry.nlark.com/micromark-factory-title/download/micromark-factory-title-1.0.0.tgz",
      "integrity": "sha1-cI96gETzSomMDv209V5NpmtTcnM=",
      "requires": {
        "micromark-factory-space": "^1.0.0",
        "micromark-util-character": "^1.0.0",
        "micromark-util-symbol": "^1.0.0",
        "micromark-util-types": "^1.0.0"
      }
    },
    "micromark-factory-whitespace": {
      "version": "1.0.0",
      "resolved": "https://registry.nlark.com/micromark-factory-whitespace/download/micromark-factory-whitespace-1.0.0.tgz",
      "integrity": "sha1-6ZHgQ603bBulL05JhYzgeUZ4Yhw=",
      "requires": {
        "micromark-factory-space": "^1.0.0",
        "micromark-util-character": "^1.0.0",
        "micromark-util-symbol": "^1.0.0",
        "micromark-util-types": "^1.0.0"
      }
    },
    "micromark-util-character": {
      "version": "1.1.0",
      "resolved": "https://registry.nlark.com/micromark-util-character/download/micromark-util-character-1.1.0.tgz",
      "integrity": "sha1-2XxU1XQqDZYRpoygzUEkMx8mTYY=",
      "requires": {
        "micromark-util-symbol": "^1.0.0",
        "micromark-util-types": "^1.0.0"
      }
    },
    "micromark-util-chunked": {
      "version": "1.0.0",
      "resolved": "https://registry.nlark.com/micromark-util-chunked/download/micromark-util-chunked-1.0.0.tgz",
      "integrity": "sha1-W0DYPz1TuExMa84w7UJX6aTHnQY=",
      "requires": {
        "micromark-util-symbol": "^1.0.0"
      }
    },
    "micromark-util-classify-character": {
      "version": "1.0.0",
      "resolved": "https://registry.nlark.com/micromark-util-classify-character/download/micromark-util-classify-character-1.0.0.tgz",
      "integrity": "sha1-y9e0R8t57mmX3SdKRvxOuAZGCiA=",
      "requires": {
        "micromark-util-character": "^1.0.0",
        "micromark-util-symbol": "^1.0.0",
        "micromark-util-types": "^1.0.0"
      }
    },
    "micromark-util-combine-extensions": {
      "version": "1.0.0",
      "resolved": "https://registry.nlark.com/micromark-util-combine-extensions/download/micromark-util-combine-extensions-1.0.0.tgz",
      "integrity": "sha1-kUGOHnT7iT42KLjUlghWORJP89U=",
      "requires": {
        "micromark-util-chunked": "^1.0.0",
        "micromark-util-types": "^1.0.0"
      }
    },
    "micromark-util-decode-numeric-character-reference": {
      "version": "1.0.0",
      "resolved": "https://registry.nlark.com/micromark-util-decode-numeric-character-reference/download/micromark-util-decode-numeric-character-reference-1.0.0.tgz",
      "integrity": "sha1-3MhfE7W9k/+NKGjD26KAOdSQuUY=",
      "requires": {
        "micromark-util-symbol": "^1.0.0"
      }
    },
    "micromark-util-encode": {
      "version": "1.0.0",
      "resolved": "https://registry.nlark.com/micromark-util-encode/download/micromark-util-encode-1.0.0.tgz",
      "integrity": "sha1-xAns91GiiqlWS1mds1ZA/M7EwGg="
    },
    "micromark-util-html-tag-name": {
      "version": "1.0.0",
      "resolved": "https://registry.nlark.com/micromark-util-html-tag-name/download/micromark-util-html-tag-name-1.0.0.tgz",
      "integrity": "sha1-dXN+kv71CvDGISvTCbxcuNvUie0="
    },
    "micromark-util-normalize-identifier": {
      "version": "1.0.0",
      "resolved": "https://registry.nlark.com/micromark-util-normalize-identifier/download/micromark-util-normalize-identifier-1.0.0.tgz",
      "integrity": "sha1-SjU5y425VLvsUgOVK/6M7a2ueCg=",
      "requires": {
        "micromark-util-symbol": "^1.0.0"
      }
    },
    "micromark-util-resolve-all": {
      "version": "1.0.0",
      "resolved": "https://registry.nlark.com/micromark-util-resolve-all/download/micromark-util-resolve-all-1.0.0.tgz",
      "integrity": "sha1-p8Nj9JoBYukxlgxE8xJ6tY8DHYg=",
      "requires": {
        "micromark-util-types": "^1.0.0"
      }
    },
    "micromark-util-sanitize-uri": {
      "version": "1.0.0",
      "resolved": "https://registry.nlark.com/micromark-util-sanitize-uri/download/micromark-util-sanitize-uri-1.0.0.tgz",
      "integrity": "sha1-J9yHU5fNFRAidMbG2lWF001PErI=",
      "requires": {
        "micromark-util-character": "^1.0.0",
        "micromark-util-encode": "^1.0.0",
        "micromark-util-symbol": "^1.0.0"
      }
    },
    "micromark-util-subtokenize": {
      "version": "1.0.0",
      "resolved": "https://registry.nlark.com/micromark-util-subtokenize/download/micromark-util-subtokenize-1.0.0.tgz",
      "integrity": "sha1-bwBvpxmvkndsdaJk2q7eD7OUPGo=",
      "requires": {
        "micromark-util-chunked": "^1.0.0",
        "micromark-util-symbol": "^1.0.0",
        "micromark-util-types": "^1.0.0"
      }
    },
    "micromark-util-symbol": {
      "version": "1.0.0",
      "resolved": "https://registry.nlark.com/micromark-util-symbol/download/micromark-util-symbol-1.0.0.tgz",
      "integrity": "sha1-kc28ybKoJ8ASmhd9NiQbzTzKo00="
    },
    "micromark-util-types": {
      "version": "1.0.1",
      "resolved": "https://registry.nlark.com/micromark-util-types/download/micromark-util-types-1.0.1.tgz",
      "integrity": "sha1-i7igktk9MmvSn+KWAnmfLQ2SL9Q="
    },
    "ms": {
      "version": "2.1.2",
      "resolved": "https://registry.nlark.com/ms/download/ms-2.1.2.tgz?cache=0&sync_timestamp=1629474260008&other_urls=https%3A%2F%2Fregistry.nlark.com%2Fms%2Fdownload%2Fms-2.1.2.tgz",
      "integrity": "sha1-0J0fNXtEP0kzgqjrPM0YOHKuYAk="
    },
    "object-assign": {
      "version": "4.1.1",
      "resolved": "https://registry.nlark.com/object-assign/download/object-assign-4.1.1.tgz?cache=0&sync_timestamp=1618847040491&other_urls=https%3A%2F%2Fregistry.nlark.com%2Fobject-assign%2Fdownload%2Fobject-assign-4.1.1.tgz",
      "integrity": "sha1-IQmtx5ZYh8/AXLvUQsrIv7s2CGM="
    },
    "parse-entities": {
      "version": "3.0.0",
      "resolved": "https://registry.npm.taobao.org/parse-entities/download/parse-entities-3.0.0.tgz",
      "integrity": "sha1-ntbWVpts/JWt4FjWg93vI52tYNw=",
      "requires": {
        "character-entities": "^2.0.0",
        "character-entities-legacy": "^2.0.0",
        "character-reference-invalid": "^2.0.0",
        "is-alphanumerical": "^2.0.0",
        "is-decimal": "^2.0.0",
        "is-hexadecimal": "^2.0.0"
      }
    },
    "prop-types": {
      "version": "15.7.2",
      "resolved": "https://registry.nlark.com/prop-types/download/prop-types-15.7.2.tgz",
      "integrity": "sha1-UsQedbjIfnK52TYOAga5ncv/psU=",
      "requires": {
        "loose-envify": "^1.4.0",
        "object-assign": "^4.1.1",
        "react-is": "^16.8.1"
      },
      "dependencies": {
        "react-is": {
          "version": "16.13.1",
          "resolved": "https://registry.nlark.com/react-is/download/react-is-16.13.1.tgz",
          "integrity": "sha1-eJcppNw23imZ3BVt1sHZwYzqVqQ="
        }
      }
    },
    "property-information": {
      "version": "6.0.1",
      "resolved": "https://registry.nlark.com/property-information/download/property-information-6.0.1.tgz",
      "integrity": "sha1-fGaNnyuctjvD4QXYuN/uciGheAA="
    },
    "react-is": {
      "version": "17.0.2",
      "resolved": "https://registry.nlark.com/react-is/download/react-is-17.0.2.tgz",
      "integrity": "sha1-5pHUqOnHiTZWVVOas3J2Kw77VPA="
    },
    "react-markdown": {
      "version": "7.0.0",
      "resolved": "https://registry.nlark.com/react-markdown/download/react-markdown-7.0.0.tgz",
      "integrity": "sha1-ZlZZaOhROvBw7u9lq8d+gPwam4c=",
      "requires": {
        "@types/hast": "^2.0.0",
        "@types/unist": "^2.0.0",
        "comma-separated-tokens": "^2.0.0",
        "prop-types": "^15.0.0",
        "property-information": "^6.0.0",
        "react-is": "^17.0.0",
        "remark-parse": "^10.0.0",
        "remark-rehype": "^9.0.0",
        "space-separated-tokens": "^2.0.0",
        "style-to-object": "^0.3.0",
        "unified": "^10.0.0",
        "unist-util-visit": "^4.0.0",
        "vfile": "^5.0.0"
      }
    },
    "remark-parse": {
      "version": "10.0.0",
      "resolved": "https://registry.nlark.com/remark-parse/download/remark-parse-10.0.0.tgz",
      "integrity": "sha1-ZeKys02FgdNrl/EqKSa7ISaWHLQ=",
      "requires": {
        "@types/mdast": "^3.0.0",
        "mdast-util-from-markdown": "^1.0.0",
        "unified": "^10.0.0"
      }
    },
    "remark-rehype": {
      "version": "9.0.0",
      "resolved": "https://registry.nlark.com/remark-rehype/download/remark-rehype-9.0.0.tgz",
      "integrity": "sha1-g1MqSOBINzQRylDFPYT7GjW8e/4=",
      "requires": {
        "@types/hast": "^2.0.0",
        "@types/mdast": "^3.0.0",
        "mdast-util-to-hast": "^11.0.0",
        "unified": "^10.0.0"
      }
    },
    "space-separated-tokens": {
      "version": "2.0.1",
      "resolved": "https://registry.nlark.com/space-separated-tokens/download/space-separated-tokens-2.0.1.tgz",
      "integrity": "sha1-Qxk87E+4WKLOk0t/mLfywYEHCYs="
    },
    "style-to-object": {
      "version": "0.3.0",
      "resolved": "https://registry.npm.taobao.org/style-to-object/download/style-to-object-0.3.0.tgz",
      "integrity": "sha1-sbeQ0gWZHMeDgBlnIUl57hmnbkY=",
      "requires": {
        "inline-style-parser": "0.1.1"
      }
    },
    "trough": {
      "version": "2.0.2",
      "resolved": "https://registry.nlark.com/trough/download/trough-2.0.2.tgz?cache=0&sync_timestamp=1625400932601&other_urls=https%3A%2F%2Fregistry.nlark.com%2Ftrough%2Fdownload%2Ftrough-2.0.2.tgz",
      "integrity": "sha1-lKOqnVzjefxWH2JEkFs/NrdFjZY="
    },
    "unified": {
      "version": "10.1.0",
      "resolved": "https://registry.nlark.com/unified/download/unified-10.1.0.tgz?cache=0&sync_timestamp=1627639621063&other_urls=https%3A%2F%2Fregistry.nlark.com%2Funified%2Fdownload%2Funified-10.1.0.tgz",
      "integrity": "sha1-TmXrOPwkSLHF7lc6RyNA9SuTRv4=",
      "requires": {
        "@types/unist": "^2.0.0",
        "bail": "^2.0.0",
        "extend": "^3.0.0",
        "is-buffer": "^2.0.0",
        "is-plain-obj": "^4.0.0",
        "trough": "^2.0.0",
        "vfile": "^5.0.0"
      }
    },
    "unist-builder": {
      "version": "3.0.0",
      "resolved": "https://registry.nlark.com/unist-builder/download/unist-builder-3.0.0.tgz",
      "integrity": "sha1-couspHZ8DnhOHmS7RLWlp1MCGgQ=",
      "requires": {
        "@types/unist": "^2.0.0"
      }
    },
    "unist-util-generated": {
      "version": "2.0.0",
      "resolved": "https://registry.nlark.com/unist-util-generated/download/unist-util-generated-2.0.0.tgz",
      "integrity": "sha1-hvr7d+ts6b+mtmPD9a1PjlamARM="
    },
    "unist-util-is": {
      "version": "5.1.1",
      "resolved": "https://registry.nlark.com/unist-util-is/download/unist-util-is-5.1.1.tgz",
      "integrity": "sha1-6K7OCxAvqbwJew/vj4cMSW1KYjY="
    },
    "unist-util-position": {
      "version": "4.0.1",
      "resolved": "https://registry.nlark.com/unist-util-position/download/unist-util-position-4.0.1.tgz",
      "integrity": "sha1-+EhLLaGaiXoBgFVtFgwoYzBw27k="
    },
    "unist-util-stringify-position": {
      "version": "3.0.0",
      "resolved": "https://registry.npm.taobao.org/unist-util-stringify-position/download/unist-util-stringify-position-3.0.0.tgz?cache=0&sync_timestamp=1618329467452&other_urls=https%3A%2F%2Fregistry.npm.taobao.org%2Funist-util-stringify-position%2Fdownload%2Funist-util-stringify-position-3.0.0.tgz",
      "integrity": "sha1-1RfSiD100NqgtWWtw9EKArSozek=",
      "requires": {
        "@types/unist": "^2.0.0"
      }
    },
    "unist-util-visit": {
      "version": "4.0.0",
      "resolved": "https://registry.nlark.com/unist-util-visit/download/unist-util-visit-4.0.0.tgz",
      "integrity": "sha1-bh9+jhY5IdICgTVMOL/TJEtkWAo=",
      "requires": {
        "@types/unist": "^2.0.0",
        "unist-util-is": "^5.0.0",
        "unist-util-visit-parents": "^5.0.0"
      },
      "dependencies": {
        "unist-util-visit-parents": {
          "version": "5.0.0",
          "resolved": "https://registry.nlark.com/unist-util-visit-parents/download/unist-util-visit-parents-5.0.0.tgz",
          "integrity": "sha1-WuJED4cQoMGKK0ugxEcdGOEJBJQ=",
          "requires": {
            "@types/unist": "^2.0.0",
            "unist-util-is": "^5.0.0"
          }
        }
      }
    },
    "unist-util-visit-parents": {
      "version": "4.1.1",
      "resolved": "https://registry.nlark.com/unist-util-visit-parents/download/unist-util-visit-parents-4.1.1.tgz",
      "integrity": "sha1-6DVZpK1+YEikaxvbImFPLz9HJPI=",
      "requires": {
        "@types/unist": "^2.0.0",
        "unist-util-is": "^5.0.0"
      }
    },
    "vfile": {
      "version": "5.1.0",
      "resolved": "https://registry.nlark.com/vfile/download/vfile-5.1.0.tgz",
      "integrity": "sha1-GOeAFvD3HpjXN9QPD8qSHcJkpgA=",
      "requires": {
        "@types/unist": "^2.0.0",
        "is-buffer": "^2.0.0",
        "unist-util-stringify-position": "^3.0.0",
        "vfile-message": "^3.0.0"
      }
    },
    "vfile-message": {
      "version": "3.0.2",
      "resolved": "https://registry.nlark.com/vfile-message/download/vfile-message-3.0.2.tgz",
      "integrity": "sha1-236uvn/suFMBDy7xZkQn9Suvj3Q=",
      "requires": {
        "@types/unist": "^2.0.0",
        "unist-util-stringify-position": "^3.0.0"
      }
    }
  }
}
